
Microsoft Visual Studio Solution File, Format Version 12.00
# Visual Studio Version 17
VisualStudioVersion = 17.1.32210.238
MinimumVisualStudioVersion = 10.0.40219.1
Project("{9A19103F-16F7-4668-BE54-9A1E7A4F7556}") = "PhoneBook.ClientUI", "PhoneBook.ClientUI\PhoneBook.ClientUI.csproj", "{4190AF60-AD0B-46EF-BFB4-F78F68AEC993}"
EndProject
Project("{9A19103F-16F7-4668-BE54-9A1E7A4F7556}") = "PhoneBook.BLL", "PhoneBook.BLL\PhoneBook.BLL.csproj", "{FAAFE901-EA8C-4A5E-8B56-D08A7A8CE865}"
EndProject
Project("{9A19103F-16F7-4668-BE54-9A1E7A4F7556}") = "PhoneBook.DAL", "PhoneBook.DAL\PhoneBook.DAL.csproj", "{AE2C140C-224F-45CB-9AA9-999391A1BB2C}"
EndProject
Project("{FAE04EC0-301F-11D3-BF4B-00C04F79EFBC}") = "PhoneBook.OperatorUI", "PhoneBook.OperatorUI\PhoneBook.OperatorUI.csproj", "{C0CCC788-F120-44C0-B6E1-99439A5ED44F}"
EndProject
Global
	GlobalSection(SolutionConfigurationPlatforms) = preSolution
		Debug|Any CPU = Debug|Any CPU
		Release|Any CPU = Release|Any CPU
	EndGlobalSection
	GlobalSection(ProjectConfigurationPlatforms) = postSolution
		{4190AF60-AD0B-46EF-BFB4-F78F68AEC993}.Debug|Any CPU.ActiveCfg = Debug|Any CPU
		{4190AF60-AD0B-46EF-BFB4-F78F68AEC993}.Debug|Any CPU.Build.0 = Debug|Any CPU
		{4190AF60-AD0B-46EF-BFB4-F78F68AEC993}.Release|Any CPU.ActiveCfg = Release|Any CPU
		{4190AF60-AD0B-46EF-BFB4-F78F68AEC993}.Release|Any CPU.Build.0 = Release|Any CPU
		{FAAFE901-EA8C-4A5E-8B56-D08A7A8CE865}.Debug|Any CPU.ActiveCfg = Debug|Any CPU
		{FAAFE901-EA8C-4A5E-8B56-D08A7A8CE865}.Debug|Any CPU.Build.0 = Debug|Any CPU
		{FAAFE901-EA8C-4A5E-8B56-D08A7A8CE865}.Release|Any CPU.ActiveCfg = Release|Any CPU
		{FAAFE901-EA8C-4A5E-8B56-D08A7A8CE865}.Release|Any CPU.Build.0 = Release|Any CPU
		{AE2C140C-224F-45CB-9AA9-999391A1BB2C}.Debug|Any CPU.ActiveCfg = Debug|Any CPU
		{AE2C140C-224F-45CB-9AA9-999391A1BB2C}.Debug|Any CPU.Build.0 = Debug|Any CPU
		{AE2C140C-224F-45CB-9AA9-999391A1BB2C}.Release|Any CPU.ActiveCfg = Release|Any CPU
		{AE2C140C-224F-45CB-9AA9-999391A1BB2C}.Release|Any CPU.Build.0 = Release|Any CPU
		{C0CCC788-F120-44C0-B6E1-99439A5ED44F}.Debug|Any CPU.ActiveCfg = Debug|Any CPU
		{C0CCC788-F120-44C0-B6E1-99439A5ED44F}.Debug|Any CPU.Build.0 = Debug|Any CPU
		{C0CCC788-F120-44C0-B6E1-99439A5ED44F}.Release|Any CPU.ActiveCfg = Release|Any CPU
		{C0CCC788-F120-44C0-B6E1-99439A5ED44F}.Release|Any CPU.Build.0 = Release|Any CPU
	EndGlobalSection
	GlobalSection(SolutionProperties) = preSolution
		HideSolutionNode = FALSE
	EndGlobalSection
	GlobalSection(ExtensibilityGlobals) = postSolution
		SolutionGuid = {FA8A239A-4203-412C-928A-2D3EA24EAAF4}
	EndGlobalSection
EndGlobal
